
Microsoft Visual Studio Solution File, Format Version 12.00
# Visual Studio 2013
VisualStudioVersion = 12.0.21005.1
MinimumVisualStudioVersion = 10.0.40219.1
Project("{FAE04EC0-301F-11D3-BF4B-00C04F79EFBC}") = "责任链模式", "责任链模式\责任链模式.csproj", "{F4B341B8-32C1-4643-AA15-9E8898E06861}"
EndProject
Global
	GlobalSection(SolutionConfigurationPlatforms) = preSolution
		Debug|Any CPU = Debug|Any CPU
		Release|Any CPU = Release|Any CPU
	EndGlobalSection
	GlobalSection(ProjectConfigurationPlatforms) = postSolution
		{F4B341B8-32C1-4643-AA15-9E8898E06861}.Debug|Any CPU.ActiveCfg = Debug|Any CPU
		{F4B341B8-32C1-4643-AA15-9E8898E06861}.Debug|Any CPU.Build.0 = Debug|Any CPU
		{F4B341B8-32C1-4643-AA15-9E8898E06861}.Release|Any CPU.ActiveCfg = Release|Any CPU
		{F4B341B8-32C1-4643-AA15-9E8898E06861}.Release|Any CPU.Build.0 = Release|Any CPU
	EndGlobalSection
	GlobalSection(SolutionProperties) = preSolution
		HideSolutionNode = FALSE
	EndGlobalSection
EndGlobal
