
Microsoft Visual Studio Solution File, Format Version 12.00
# Visual Studio 2013
VisualStudioVersion = 12.0.21005.1
MinimumVisualStudioVersion = 10.0.40219.1
Project("{FAE04EC0-301F-11D3-BF4B-00C04F79EFBC}") = "原型扩展", "原型扩展\原型扩展.csproj", "{4FD63759-20BE-49D6-992C-1ED188B6C32A}"
EndProject
Global
	GlobalSection(SolutionConfigurationPlatforms) = preSolution
		Debug|Any CPU = Debug|Any CPU
		Release|Any CPU = Release|Any CPU
	EndGlobalSection
	GlobalSection(ProjectConfigurationPlatforms) = postSolution
		{4FD63759-20BE-49D6-992C-1ED188B6C32A}.Debug|Any CPU.ActiveCfg = Debug|Any CPU
		{4FD63759-20BE-49D6-992C-1ED188B6C32A}.Debug|Any CPU.Build.0 = Debug|Any CPU
		{4FD63759-20BE-49D6-992C-1ED188B6C32A}.Release|Any CPU.ActiveCfg = Release|Any CPU
		{4FD63759-20BE-49D6-992C-1ED188B6C32A}.Release|Any CPU.Build.0 = Release|Any CPU
	EndGlobalSection
	GlobalSection(SolutionProperties) = preSolution
		HideSolutionNode = FALSE
	EndGlobalSection
EndGlobal
