
Microsoft Visual Studio Solution File, Format Version 12.00
# Visual Studio 2013
VisualStudioVersion = 12.0.21005.1
MinimumVisualStudioVersion = 10.0.40219.1
Project("{FAE04EC0-301F-11D3-BF4B-00C04F79EFBC}") = "观察者扩展", "上课铃\观察者扩展.csproj", "{B2171816-BC51-4F67-8278-DA7527F3EF45}"
EndProject
Global
	GlobalSection(SolutionConfigurationPlatforms) = preSolution
		Debug|Any CPU = Debug|Any CPU
		Release|Any CPU = Release|Any CPU
	EndGlobalSection
	GlobalSection(ProjectConfigurationPlatforms) = postSolution
		{B2171816-BC51-4F67-8278-DA7527F3EF45}.Debug|Any CPU.ActiveCfg = Debug|Any CPU
		{B2171816-BC51-4F67-8278-DA7527F3EF45}.Debug|Any CPU.Build.0 = Debug|Any CPU
		{B2171816-BC51-4F67-8278-DA7527F3EF45}.Release|Any CPU.ActiveCfg = Release|Any CPU
		{B2171816-BC51-4F67-8278-DA7527F3EF45}.Release|Any CPU.Build.0 = Release|Any CPU
	EndGlobalSection
	GlobalSection(SolutionProperties) = preSolution
		HideSolutionNode = FALSE
	EndGlobalSection
EndGlobal
